Microsoft Visual Studio Solution File, Format Version 12.00
# Visual Studio Version 17
VisualStudioVersion = 17.5.2.0
MinimumVisualStudioVersion = 10.0.40219.1
Project("{FAE04EC0-301F-11D3-BF4B-00C04F79EFBC}") = "IFH.Console.MatrizInversao.app", "IFH.Console.MatrizInversao.app.csproj", "{774A3FA8-EF5F-BF37-A72D-D67FF0F43C4F}"
EndProject
Global
	GlobalSection(SolutionConfigurationPlatforms) = preSolution
		Debug|Any CPU = Debug|Any CPU
		Release|Any CPU = Release|Any CPU
	EndGlobalSection
	GlobalSection(ProjectConfigurationPlatforms) = postSolution
		{774A3FA8-EF5F-BF37-A72D-D67FF0F43C4F}.Debug|Any CPU.ActiveCfg = Debug|Any CPU
		{774A3FA8-EF5F-BF37-A72D-D67FF0F43C4F}.Debug|Any CPU.Build.0 = Debug|Any CPU
		{774A3FA8-EF5F-BF37-A72D-D67FF0F43C4F}.Release|Any CPU.ActiveCfg = Release|Any CPU
		{774A3FA8-EF5F-BF37-A72D-D67FF0F43C4F}.Release|Any CPU.Build.0 = Release|Any CPU
	EndGlobalSection
	GlobalSection(SolutionProperties) = preSolution
		HideSolutionNode = FALSE
	EndGlobalSection
	GlobalSection(ExtensibilityGlobals) = postSolution
		SolutionGuid = {E572F221-09F9-464C-9006-66CB863FBF38}
	EndGlobalSection
EndGlobal
